// !$*UTF8*$!
{
	archiveVersion = 1;
	classes = {
	};
	objectVersion = 46;
	objects = {

/* Begin PBXBuildFile section */
		5B32AD2E18EF5CF900C66C92 /* Foundation.framework in Frameworks */ = {isa = PBXBuildFile; fileRef = 5B32AD2D18EF5CF900C66C92 /* Foundation.framework */; };
		5B32AD3018EF5CF900C66C92 /* CoreGraphics.framework in Frameworks */ = {isa = PBXBuildFile; fileRef = 5B32AD2F18EF5CF900C66C92 /* CoreGraphics.framework */; };
		5B32AD3218EF5CF900C66C92 /* UIKit.framework in Frameworks */ = {isa = PBXBuildFile; fileRef = 5B32AD3118EF5CF900C66C92 /* UIKit.framework */; };
		5B32AD3818EF5CF900C66C92 /* InfoPlist.strings in Resources */ = {isa = PBXBuildFile; fileRef = 5B32AD3618EF5CF900C66C92 /* InfoPlist.strings */; };
		5B32AD3A18EF5CF900C66C92 /* main.m in Sources */ = {isa = PBXBuildFile; fileRef = 5B32AD3918EF5CF900C66C92 /* main.m */; };
		5B32AD3E18EF5CF900C66C92 /* AppDelegate.m in Sources */ = {isa = PBXBuildFile; fileRef = 5B32AD3D18EF5CF900C66C92 /* AppDelegate.m */; };
		5B32AD4118EF5CF900C66C92 /* Main_iPhone.storyboard in Resources */ = {isa = PBXBuildFile; fileRef = 5B32AD3F18EF5CF900C66C92 /* Main_iPhone.storyboard */; };
		5B32AD4418EF5CF900C66C92 /* Main_iPad.storyboard in Resources */ = {isa = PBXBuildFile; fileRef = 5B32AD4218EF5CF900C66C92 /* Main_iPad.storyboard */; };
		5B32AD4718EF5CF900C66C92 /* ViewController.m in Sources */ = {isa = PBXBuildFile; fileRef = 5B32AD4618EF5CF900C66C92 /* ViewController.m */; };
		5B32AD4918EF5CF900C66C92 /* Images.xcassets in Resources */ = {isa = PBXBuildFile; fileRef = 5B32AD4818EF5CF900C66C92 /* Images.xcassets */; };
		5B32AD5018EF5CF900C66C92 /* XCTest.framework in Frameworks */ = {isa = PBXBuildFile; fileRef = 5B32AD4F18EF5CF900C66C92 /* XCTest.framework */; };
		5B32AD5118EF5CF900C66C92 /* Foundation.framework in Frameworks */ = {isa = PBXBuildFile; fileRef = 5B32AD2D18EF5CF900C66C92 /* Foundation.framework */; };
		5B32AD5218EF5CF900C66C92 /* UIKit.framework in Frameworks */ = {isa = PBXBuildFile; fileRef = 5B32AD3118EF5CF900C66C92 /* UIKit.framework */; };
		5B32AD5A18EF5CF900C66C92 /* InfoPlist.strings in Resources */ = {isa = PBXBuildFile; fileRef = 5B32AD5818EF5CF900C66C92 /* InfoPlist.strings */; };
		5B32AD5C18EF5CF900C66C92 /* Rodrigo_Freitas_LeiteTests.m in Sources */ = {isa = PBXBuildFile; fileRef = 5B32AD5B18EF5CF900C66C92 /* Rodrigo_Freitas_LeiteTests.m */; };
/* End PBXBuildFile section */

/* Begin PBXContainerItemProxy section */
		5B32AD5318EF5CF900C66C92 /* PBXContainerItemProxy */ = {
			isa = PBXContainerItemProxy;
			containerPortal = 5B32AD2218EF5CF900C66C92 /* Project object */;
			proxyType = 1;
			remoteGlobalIDString = 5B32AD2918EF5CF900C66C92;
			remoteInfo = "Rodrigo Freitas Leite";
		};
/* End PBXContainerItemProxy section */

/* Begin PBXFileReference section */
		5B32AD2A18EF5CF900C66C92 /* Rodrigo Freitas Leite.app */ = {isa = PBXFileReference; explicitFileType = wrapper.application; includeInIndex = 0; path = "Rodrigo Freitas Leite.app"; sourceTree = BUILT_PRODUCTS_DIR; };
		5B32AD2D18EF5CF900C66C92 /* Foundation.framework */ = {isa = PBXFileReference; lastKnownFileType = wrapper.framework; name = Foundation.framework; path = System/Library/Frameworks/Foundation.framework; sourceTree = SDKROOT; };
		5B32AD2F18EF5CF900C66C92 /* CoreGraphics.framework */ = {isa = PBXFileReference; lastKnownFileType = wrapper.framework; name = CoreGraphics.framework; path = System/Library/Frameworks/CoreGraphics.framework; sourceTree = SDKROOT; };
		5B32AD3118EF5CF900C66C92 /* UIKit.framework */ = {isa = PBXFileReference; lastKnownFileType = wrapper.framework; name = UIKit.framework; path = System/Library/Frameworks/UIKit.framework; sourceTree = SDKROOT; };
		5B32AD3518EF5CF900C66C92 /* Rodrigo Freitas Leite-Info.plist */ = {isa = PBXFileReference; lastKnownFileType = text.plist.xml; path = "Rodrigo Freitas Leite-Info.plist"; sourceTree = "<group>"; };
		5B32AD3718EF5CF900C66C92 /* en */ = {isa = PBXFileReference; lastKnownFileType = text.plist.strings; name = en; path = en.lproj/InfoPlist.strings; sourceTree = "<group>"; };
		5B32AD3918EF5CF900C66C92 /* main.m */ = {isa = PBXFileReference; lastKnownFileType = sourcecode.c.objc; path = main.m; sourceTree = "<group>"; };
		5B32AD3B18EF5CF900C66C92 /* Rodrigo Freitas Leite-Prefix.pch */ = {isa = PBXFileReference; lastKnownFileType = sourcecode.c.h; path = "Rodrigo Freitas Leite-Prefix.pch"; sourceTree = "<group>"; };
		5B32AD3C18EF5CF900C66C92 /* AppDelegate.h */ = {isa = PBXFileReference; lastKnownFileType = sourcecode.c.h; path = AppDelegate.h; sourceTree = "<group>"; };
		5B32AD3D18EF5CF900C66C92 /* AppDelegate.m */ = {isa = PBXFileReference; lastKnownFileType = sourcecode.c.objc; path = AppDelegate.m; sourceTree = "<group>"; };
		5B32AD4018EF5CF900C66C92 /* Base */ = {isa = PBXFileReference; lastKnownFileType = file.storyboard; name = Base; path = Base.lproj/Main_iPhone.storyboard; sourceTree = "<group>"; };
		5B32AD4318EF5CF900C66C92 /* Base */ = {isa = PBXFileReference; lastKnownFileType = file.storyboard; name = Base; path = Base.lproj/Main_iPad.storyboard; sourceTree = "<group>"; };
		5B32AD4518EF5CF900C66C92 /* ViewController.h */ = {isa = PBXFileReference; lastKnownFileType = sourcecode.c.h; path = ViewController.h; sourceTree = "<group>"; };
		5B32AD4618EF5CF900C66C92 /* ViewController.m */ = {isa = PBXFileReference; lastKnownFileType = sourcecode.c.objc; path = ViewController.m; sourceTree = "<group>"; };
		5B32AD4818EF5CF900C66C92 /* Images.xcassets */ = {isa = PBXFileReference; lastKnownFileType = folder.assetcatalog; path = Images.xcassets; sourceTree = "<group>"; };
		5B32AD4E18EF5CF900C66C92 /* Rodrigo Freitas LeiteTests.xctest */ = {isa = PBXFileReference; explicitFileType = wrapper.cfbundle; includeInIndex = 0; path = "Rodrigo Freitas LeiteTests.xctest"; sourceTree = BUILT_PRODUCTS_DIR; };
		5B32AD4F18EF5CF900C66C92 /* XCTest.framework */ = {isa = PBXFileReference; lastKnownFileType = wrapper.framework; name = XCTest.framework; path = Library/Frameworks/XCTest.framework; sourceTree = DEVELOPER_DIR; };
		5B32AD5718EF5CF900C66C92 /* Rodrigo Freitas LeiteTests-Info.plist */ = {isa = PBXFileReference; lastKnownFileType = text.plist.xml; path = "Rodrigo Freitas LeiteTests-Info.plist"; sourceTree = "<group>"; };
		5B32AD5918EF5CF900C66C92 /* en */ = {isa = PBXFileReference; lastKnownFileType = text.plist.strings; name = en; path = en.lproj/InfoPlist.strings; sourceTree = "<group>"; };
		5B32AD5B18EF5CF900C66C92 /* Rodrigo_Freitas_LeiteTests.m */ = {isa = PBXFileReference; lastKnownFileType = sourcecode.c.objc; path = Rodrigo_Freitas_LeiteTests.m; sourceTree = "<group>"; };
/* End PBXFileReference section */

/* Begin PBXFrameworksBuildPhase section */
		5B32AD2718EF5CF900C66C92 /* Frameworks */ = {
			isa = PBXFrameworksBuildPhase;
			buildActionMask = 2147483647;
			files = (
				5B32AD3018EF5CF900C66C92 /* CoreGraphics.framework in Frameworks */,
				5B32AD3218EF5CF900C66C92 /* UIKit.framework in Frameworks */,
				5B32AD2E18EF5CF900C66C92 /* Foundation.framework in Frameworks */,
			);
			runOnlyForDeploymentPostprocessing = 0;
		};
		5B32AD4B18EF5CF900C66C92 /* Frameworks */ = {
			isa = PBXFrameworksBuildPhase;
			buildActionMask = 2147483647;
			files = (
				5B32AD5018EF5CF900C66C92 /* XCTest.framework in Frameworks */,
				5B32AD5218EF5CF900C66C92 /* UIKit.framework in Frameworks */,
				5B32AD5118EF5CF900C66C92 /* Foundation.framework in Frameworks */,
			);
			runOnlyForDeploymentPostprocessing = 0;
		};
/* End PBXFrameworksBuildPhase section */

/* Begin PBXGroup section */
		5B32AD2118EF5CF900C66C92 = {
			isa = PBXGroup;
			children = (
				5B32AD3318EF5CF900C66C92 /* Rodrigo Freitas Leite */,
				5B32AD5518EF5CF900C66C92 /* Rodrigo Freitas LeiteTests */,
				5B32AD2C18EF5CF900C66C92 /* Frameworks */,
				5B32AD2B18EF5CF900C66C92 /* Products */,
			);
			sourceTree = "<group>";
		};
		5B32AD2B18EF5CF900C66C92 /* Products */ = {
			isa = PBXGroup;
			children = (
				5B32AD2A18EF5CF900C66C92 /* Rodrigo Freitas Leite.app */,
				5B32AD4E18EF5CF900C66C92 /* Rodrigo Freitas LeiteTests.xctest */,
			);
			name = Products;
			sourceTree = "<group>";
		};
		5B32AD2C18EF5CF900C66C92 /* Frameworks */ = {
			isa = PBXGroup;
			children = (
				5B32AD2D18EF5CF900C66C92 /* Foundation.framework */,
				5B32AD2F18EF5CF900C66C92 /* CoreGraphics.framework */,
				5B32AD3118EF5CF900C66C92 /* UIKit.framework */,
				5B32AD4F18EF5CF900C66C92 /* XCTest.framework */,
			);
			name = Frameworks;
			sourceTree = "<group>";
		};
		5B32AD3318EF5CF900C66C92 /* Rodrigo Freitas Leite */ = {
			isa = PBXGroup;
			children = (
				5B32AD3C18EF5CF900C66C92 /* AppDelegate.h */,
				5B32AD3D18EF5CF900C66C92 /* AppDelegate.m */,
				5B32AD3F18EF5CF900C66C92 /* Main_iPhone.storyboard */,
				5B32AD4218EF5CF900C66C92 /* Main_iPad.storyboard */,
				5B32AD4518EF5CF900C66C92 /* ViewController.h */,
				5B32AD4618EF5CF900C66C92 /* ViewController.m */,
				5B32AD4818EF5CF900C66C92 /* Images.xcassets */,
				5B32AD3418EF5CF900C66C92 /* Supporting Files */,
			);
			path = "Rodrigo Freitas Leite";
			sourceTree = "<group>";
		};
		5B32AD3418EF5CF900C66C92 /* Supporting Files */ = {
			isa = PBXGroup;
			children = (
				5B32AD3518EF5CF900C66C92 /* Rodrigo Freitas Leite-Info.plist */,
				5B32AD3618EF5CF900C66C92 /* InfoPlist.strings */,
				5B32AD3918EF5CF900C66C92 /* main.m */,
				5B32AD3B18EF5CF900C66C92 /* Rodrigo Freitas Leite-Prefix.pch */,
			);
			name = "Supporting Files";
			sourceTree = "<group>";
		};
		5B32AD5518EF5CF900C66C92 /* Rodrigo Freitas LeiteTests */ = {
			isa = PBXGroup;
			children = (
				5B32AD5B18EF5CF900C66C92 /* Rodrigo_Freitas_LeiteTests.m */,
				5B32AD5618EF5CF900C66C92 /* Supporting Files */,
			);
			path = "Rodrigo Freitas LeiteTests";
			sourceTree = "<group>";
		};
		5B32AD5618EF5CF900C66C92 /* Supporting Files */ = {
			isa = PBXGroup;
			children = (
				5B32AD5718EF5CF900C66C92 /* Rodrigo Freitas LeiteTests-Info.plist */,
				5B32AD5818EF5CF900C66C92 /* InfoPlist.strings */,
			);
			name = "Supporting Files";
			sourceTree = "<group>";
		};
/* End PBXGroup section */

/* Begin PBXNativeTarget section */
		5B32AD2918EF5CF900C66C92 /* Rodrigo Freitas Leite */ = {
			isa = PBXNativeTarget;
			buildConfigurationList = 5B32AD5F18EF5CF900C66C92 /* Build configuration list for PBXNativeTarget "Rodrigo Freitas Leite" */;
			buildPhases = (
				5B32AD2618EF5CF900C66C92 /* Sources */,
				5B32AD2718EF5CF900C66C92 /* Frameworks */,
				5B32AD2818EF5CF900C66C92 /* Resources */,
			);
			buildRules = (
			);
			dependencies = (
			);
			name = "Rodrigo Freitas Leite";
			productName = "Rodrigo Freitas Leite";
			productReference = 5B32AD2A18EF5CF900C66C92 /* Rodrigo Freitas Leite.app */;
			productType = "com.apple.product-type.application";
		};
		5B32AD4D18EF5CF900C66C92 /* Rodrigo Freitas LeiteTests */ = {
			isa = PBXNativeTarget;
			buildConfigurationList = 5B32AD6218EF5CF900C66C92 /* Build configuration list for PBXNativeTarget "Rodrigo Freitas LeiteTests" */;
			buildPhases = (
				5B32AD4A18EF5CF900C66C92 /* Sources */,
				5B32AD4B18EF5CF900C66C92 /* Frameworks */,
				5B32AD4C18EF5CF900C66C92 /* Resources */,
			);
			buildRules = (
			);
			dependencies = (
				5B32AD5418EF5CF900C66C92 /* PBXTargetDependency */,
			);
			name = "Rodrigo Freitas LeiteTests";
			productName = "Rodrigo Freitas LeiteTests";
			productReference = 5B32AD4E18EF5CF900C66C92 /* Rodrigo Freitas LeiteTests.xctest */;
			productType = "com.apple.product-type.bundle.unit-test";
		};
/* End PBXNativeTarget section */

/* Begin PBXProject section */
		5B32AD2218EF5CF900C66C92 /* Project object */ = {
			isa = PBXProject;
			attributes = {
				LastUpgradeCheck = 0510;
				ORGANIZATIONNAME = Frelei;
				TargetAttributes = {
					5B32AD4D18EF5CF900C66C92 = {
						TestTargetID = 5B32AD2918EF5CF900C66C92;
					};
				};
			};
			buildConfigurationList = 5B32AD2518EF5CF900C66C92 /* Build configuration list for PBXProject "Rodrigo Freitas Leite" */;
			compatibilityVersion = "Xcode 3.2";
			developmentRegion = English;
			hasScannedForEncodings = 0;
			knownRegions = (
				en,
				Base,
			);
			mainGroup = 5B32AD2118EF5CF900C66C92;
			productRefGroup = 5B32AD2B18EF5CF900C66C92 /* Products */;
			projectDirPath = "";
			projectRoot = "";
			targets = (
				5B32AD2918EF5CF900C66C92 /* Rodrigo Freitas Leite */,
				5B32AD4D18EF5CF900C66C92 /* Rodrigo Freitas LeiteTests */,
			);
		};
/* End PBXProject section */

/* Begin PBXResourcesBuildPhase section */
		5B32AD2818EF5CF900C66C92 /* Resources */ = {
			isa = PBXResourcesBuildPhase;
			buildActionMask = 2147483647;
			files = (
				5B32AD4418EF5CF900C66C92 /* Main_iPad.storyboard in Resources */,
				5B32AD4918EF5CF900C66C92 /* Images.xcassets in Resources */,
				5B32AD4118EF5CF900C66C92 /* Main_iPhone.storyboard in Resources */,
				5B32AD3818EF5CF900C66C92 /* InfoPlist.strings in Resources */,
			);
			runOnlyForDeploymentPostprocessing = 0;
		};
		5B32AD4C18EF5CF900C66C92 /* Resources */ = {
			isa = PBXResourcesBuildPhase;
			buildActionMask = 2147483647;
			files = (
				5B32AD5A18EF5CF900C66C92 /* InfoPlist.strings in Resources */,
			);
			runOnlyForDeploymentPostprocessing = 0;
		};
/* End PBXResourcesBuildPhase section */

/* Begin PBXSourcesBuildPhase section */
		5B32AD2618EF5CF900C66C92 /* Sources */ = {
			isa = PBXSourcesBuildPhase;
			buildActionMask = 2147483647;
			files = (
				5B32AD4718EF5CF900C66C92 /* ViewController.m in Sources */,
				5B32AD3E18EF5CF900C66C92 /* AppDelegate.m in Sources */,
				5B32AD3A18EF5CF900C66C92 /* main.m in Sources */,
			);
			runOnlyForDeploymentPostprocessing = 0;
		};
		5B32AD4A18EF5CF900C66C92 /* Sources */ = {
			isa = PBXSourcesBuildPhase;
			buildActionMask = 2147483647;
			files = (
				5B32AD5C18EF5CF900C66C92 /* Rodrigo_Freitas_LeiteTests.m in Sources */,
			);
			runOnlyForDeploymentPostprocessing = 0;
		};
/* End PBXSourcesBuildPhase section */

/* Begin PBXTargetDependency section */
		5B32AD5418EF5CF900C66C92 /* PBXTargetDependency */ = {
			isa = PBXTargetDependency;
			target = 5B32AD2918EF5CF900C66C92 /* Rodrigo Freitas Leite */;
			targetProxy = 5B32AD5318EF5CF900C66C92 /* PBXContainerItemProxy */;
		};
/* End PBXTargetDependency section */

/* Begin PBXVariantGroup section */
		5B32AD3618EF5CF900C66C92 /* InfoPlist.strings */ = {
			isa = PBXVariantGroup;
			children = (
				5B32AD3718EF5CF900C66C92 /* en */,
			);
			name = InfoPlist.strings;
			sourceTree = "<group>";
		};
		5B32AD3F18EF5CF900C66C92 /* Main_iPhone.storyboard */ = {
			isa = PBXVariantGroup;
			children = (
				5B32AD4018EF5CF900C66C92 /* Base */,
			);
			name = Main_iPhone.storyboard;
			sourceTree = "<group>";
		};
		5B32AD4218EF5CF900C66C92 /* Main_iPad.storyboard */ = {
			isa = PBXVariantGroup;
			children = (
				5B32AD4318EF5CF900C66C92 /* Base */,
			);
			name = Main_iPad.storyboard;
			sourceTree = "<group>";
		};
		5B32AD5818EF5CF900C66C92 /* InfoPlist.strings */ = {
			isa = PBXVariantGroup;
			children = (
				5B32AD5918EF5CF900C66C92 /* en */,
			);
			name = InfoPlist.strings;
			sourceTree = "<group>";
		};
/* End PBXVariantGroup section */

/* Begin XCBuildConfiguration section */
		5B32AD5D18EF5CF900C66C92 /* Debug */ = {
			isa = XCBuildConfiguration;
			buildSettings = {
				ALWAYS_SEARCH_USER_PATHS = NO;
				CLANG_CXX_LANGUAGE_STANDARD = "gnu++0x";
				CLANG_CXX_LIBRARY = "libc++";
				CLANG_ENABLE_MODULES = YES;
				CLANG_ENABLE_OBJC_ARC = YES;
				CLANG_WARN_BOOL_CONVERSION = YES;
				CLANG_WARN_CONSTANT_CONVERSION = YES;
				CLANG_WARN_DIRECT_OBJC_ISA_USAGE = YES_ERROR;
				CLANG_WARN_EMPTY_BODY = YES;
				CLANG_WARN_ENUM_CONVERSION = YES;
				CLANG_WARN_INT_CONVERSION = YES;
				CLANG_WARN_OBJC_ROOT_CLASS = YES_ERROR;
				CLANG_WARN__DUPLICATE_METHOD_MATCH = YES;
				"CODE_SIGN_IDENTITY[sdk=iphoneos*]" = "iPhone Developer";
				COPY_PHASE_STRIP = NO;
				GCC_C_LANGUAGE_STANDARD = gnu99;
				GCC_DYNAMIC_NO_PIC = NO;
				GCC_OPTIMIZATION_LEVEL = 0;
				GCC_PREPROCESSOR_DEFINITIONS = (
					"DEBUG=1",
					"$(inherited)",
				);
				GCC_SYMBOLS_PRIVATE_EXTERN = NO;
				GCC_WARN_64_TO_32_BIT_CONVERSION = YES;
				GCC_WARN_ABOUT_RETURN_TYPE = YES_ERROR;
				GCC_WARN_UNDECLARED_SELECTOR = YES;
				GCC_WARN_UNINITIALIZED_AUTOS = YES_AGGRESSIVE;
				GCC_WARN_UNUSED_FUNCTION = YES;
				GCC_WARN_UNUSED_VARIABLE = YES;
				IPHONEOS_DEPLOYMENT_TARGET = 7.1;
				ONLY_ACTIVE_ARCH = YES;
				SDKROOT = iphoneos;
				TARGETED_DEVICE_FAMILY = "1,2";
			};
			name = Debug;
		};
		5B32AD5E18EF5CF900C66C92 /* Release */ = {
			isa = XCBuildConfiguration;
			buildSettings = {
				ALWAYS_SEARCH_USER_PATHS = NO;
				CLANG_CXX_LANGUAGE_STANDARD = "gnu++0x";
				CLANG_CXX_LIBRARY = "libc++";
				CLANG_ENABLE_MODULES = YES;
				CLANG_ENABLE_OBJC_ARC = YES;
				CLANG_WARN_BOOL_CONVERSION = YES;
				CLANG_WARN_CONSTANT_CONVERSION = YES;
				CLANG_WARN_DIRECT_OBJC_ISA_USAGE = YES_ERROR;
				CLANG_WARN_EMPTY_BODY = YES;
				CLANG_WARN_ENUM_CONVERSION = YES;
				CLANG_WARN_INT_CONVERSION = YES;
				CLANG_WARN_OBJC_ROOT_CLASS = YES_ERROR;
				CLANG_WARN__DUPLICATE_METHOD_MATCH = YES;
				"CODE_SIGN_IDENTITY[sdk=iphoneos*]" = "iPhone Developer";
				COPY_PHASE_STRIP = YES;
				ENABLE_NS_ASSERTIONS = NO;
				GCC_C_LANGUAGE_STANDARD = gnu99;
				GCC_WARN_64_TO_32_BIT_CONVERSION = YES;
				GCC_WARN_ABOUT_RETURN_TYPE = YES_ERROR;
				GCC_WARN_UNDECLARED_SELECTOR = YES;
				GCC_WARN_UNINITIALIZED_AUTOS = YES_AGGRESSIVE;
				GCC_WARN_UNUSED_FUNCTION = YES;
				GCC_WARN_UNUSED_VARIABLE = YES;
				IPHONEOS_DEPLOYMENT_TARGET = 7.1;
				SDKROOT = iphoneos;
				TARGETED_DEVICE_FAMILY = "1,2";
				VALIDATE_PRODUCT = YES;
			};
			name = Release;
		};
		5B32AD6018EF5CF900C66C92 /* Debug */ = {
			isa = XCBuildConfiguration;
			buildSettings = {
				ASSETCATALOG_COMPILER_APPICON_NAME = AppIcon;
				ASSETCATALOG_COMPILER_LAUNCHIMAGE_NAME = LaunchImage;
				GCC_PRECOMPILE_PREFIX_HEADER = YES;
				GCC_PREFIX_HEADER = "Rodrigo Freitas Leite/Rodrigo Freitas Leite-Prefix.pch";
				INFOPLIST_FILE = "Rodrigo Freitas Leite/Rodrigo Freitas Leite-Info.plist";
				PRODUCT_NAME = "$(TARGET_NAME)";
				WRAPPER_EXTENSION = app;
			};
			name = Debug;
		};
		5B32AD6118EF5CF900C66C92 /* Release */ = {
			isa = XCBuildConfiguration;
			buildSettings = {
				ASSETCATALOG_COMPILER_APPICON_NAME = AppIcon;
				ASSETCATALOG_COMPILER_LAUNCHIMAGE_NAME = LaunchImage;
				GCC_PRECOMPILE_PREFIX_HEADER = YES;
				GCC_PREFIX_HEADER = "Rodrigo Freitas Leite/Rodrigo Freitas Leite-Prefix.pch";
				INFOPLIST_FILE = "Rodrigo Freitas Leite/Rodrigo Freitas Leite-Info.plist";
				PRODUCT_NAME = "$(TARGET_NAME)";
				WRAPPER_EXTENSION = app;
			};
			name = Release;
		};
		5B32AD6318EF5CF900C66C92 /* Debug */ = {
			isa = XCBuildConfiguration;
			buildSettings = {
				BUNDLE_LOADER = "$(BUILT_PRODUCTS_DIR)/Rodrigo Freitas Leite.app/Rodrigo Freitas Leite";
				FRAMEWORK_SEARCH_PATHS = (
					"$(SDKROOT)/Developer/Library/Frameworks",
					"$(inherited)",
					"$(DEVELOPER_FRAMEWORKS_DIR)",
				);
				GCC_PRECOMPILE_PREFIX_HEADER = YES;
				GCC_PREFIX_HEADER = "Rodrigo Freitas Leite/Rodrigo Freitas Leite-Prefix.pch";
				GCC_PREPROCESSOR_DEFINITIONS = (
					"DEBUG=1",
					"$(inherited)",
				);
				INFOPLIST_FILE = "Rodrigo Freitas LeiteTests/Rodrigo Freitas LeiteTests-Info.plist";
				PRODUCT_NAME = "$(TARGET_NAME)";
				TEST_HOST = "$(BUNDLE_LOADER)";
				WRAPPER_EXTENSION = xctest;
			};
			name = Debug;
		};
		5B32AD6418EF5CF900C66C92 /* Release */ = {
			isa = XCBuildConfiguration;
			buildSettings = {
				BUNDLE_LOADER = "$(BUILT_PRODUCTS_DIR)/Rodrigo Freitas Leite.app/Rodrigo Freitas Leite";
				FRAMEWORK_SEARCH_PATHS = (
					"$(SDKROOT)/Developer/Library/Frameworks",
					"$(inherited)",
					"$(DEVELOPER_FRAMEWORKS_DIR)",
				);
				GCC_PRECOMPILE_PREFIX_HEADER = YES;
				GCC_PREFIX_HEADER = "Rodrigo Freitas Leite/Rodrigo Freitas Leite-Prefix.pch";
				INFOPLIST_FILE = "Rodrigo Freitas LeiteTests/Rodrigo Freitas LeiteTests-Info.plist";
				PRODUCT_NAME = "$(TARGET_NAME)";
				TEST_HOST = "$(BUNDLE_LOADER)";
				WRAPPER_EXTENSION = xctest;
			};
			name = Release;
		};
/* End XCBuildConfiguration section */

/* Begin XCConfigurationList section */
		5B32AD2518EF5CF900C66C92 /* Build configuration list for PBXProject "Rodrigo Freitas Leite" */ = {
			isa = XCConfigurationList;
			buildConfigurations = (
				5B32AD5D18EF5CF900C66C92 /* Debug */,
				5B32AD5E18EF5CF900C66C92 /* Release */,
			);
			defaultConfigurationIsVisible = 0;
			defaultConfigurationName = Release;
		};
		5B32AD5F18EF5CF900C66C92 /* Build configuration list for PBXNativeTarget "Rodrigo Freitas Leite" */ = {
			isa = XCConfigurationList;
			buildConfigurations = (
				5B32AD6018EF5CF900C66C92 /* Debug */,
				5B32AD6118EF5CF900C66C92 /* Release */,
			);
			defaultConfigurationIsVisible = 0;
		};
		5B32AD6218EF5CF900C66C92 /* Build configuration list for PBXNativeTarget "Rodrigo Freitas LeiteTests" */ = {
			isa = XCConfigurationList;
			buildConfigurations = (
				5B32AD6318EF5CF900C66C92 /* Debug */,
				5B32AD6418EF5CF900C66C92 /* Release */,
			);
			defaultConfigurationIsVisible = 0;
		};
/* End XCConfigurationList section */
	};
	rootObject = 5B32AD2218EF5CF900C66C92 /* Project object */;
}
